{
    "name": "@redblobgames/mapgen2",
    "version": "2.0.0",
    "lockfileVersion": 3,
    "requires": true,
    "packages": {
        "": {
            "name": "@redblobgames/mapgen2",
            "version": "2.0.0",
            "license": "Apache-2.0",
            "dependencies": {
                "@redblobgames/prng": "https://github.com/redblobgames/prng",
                "delaunator": "^5",
                "poisson-disk-sampling": "^2",
                "simplex-noise": "^2",
                "url-search-utils": "0.2.0"
            }
        },
        "node_modules/@redblobgames/prng": {
            "version": "1.0.0",
            "resolved": "git+ssh://git@github.com/redblobgames/prng.git#1104cf92f9824d71cf631eeeedd5866e9b62ea9f",
            "dependencies": {
                "hash-int": "*"
            }
        },
        "node_modules/delaunator": {
            "version": "5.0.1",
            "resolved": "https://registry.npmjs.org/delaunator/-/delaunator-5.0.1.tgz",
            "integrity": "sha512-8nvh+XBe96aCESrGOqMp/84b13H9cdKbG5P2ejQCh4d4sK9RL4371qou9drQjMhvnPmhWl5hnmqbEE0fXr9Xnw==",
            "dependencies": {
                "robust-predicates": "^3.0.2"
            }
        },
        "node_modules/hash-int": {
            "version": "1.0.0",
            "resolved": "https://registry.npmjs.org/hash-int/-/hash-int-1.0.0.tgz",
            "integrity": "sha512-U1cDrvoPTR+AWCeFLXm0UjEcsgz74N5H4lQ3PjwDCIaLHgiXRmfsvq15/HGSjNAkig/bZMcESqg93ax9alWhkg=="
        },
        "node_modules/moore": {
            "version": "1.0.0",
            "resolved": "https://registry.npmjs.org/moore/-/moore-1.0.0.tgz",
            "integrity": "sha512-xcsFo/jgtMuVaGePHod5TdSzxnRAQQ4wFpDmFuu34lHvx5sNMsioA84NW7iBWYZ10jHR/nyGaDkhunMJxqAzkw=="
        },
        "node_modules/poisson-disk-sampling": {
            "version": "2.3.1",
            "resolved": "https://registry.npmjs.org/poisson-disk-sampling/-/poisson-disk-sampling-2.3.1.tgz",
            "integrity": "sha512-O3TzHR8IA+Do5zC7EgPdHLOYOpUJ6DikiTwqRqXdSPUhx1ZqfeH6PqAD86KKi+8Nq8vnL2navErsgURKTe089w==",
            "dependencies": {
                "moore": "~1.0.0"
            }
        },
        "node_modules/robust-predicates": {
            "version": "3.0.2",
            "resolved": "https://registry.npmjs.org/robust-predicates/-/robust-predicates-3.0.2.tgz",
            "integrity": "sha512-IXgzBWvWQwE6PrDI05OvmXUIruQTcoMDzRsOd5CDvHCVLcLHMTSYvOK5Cm46kWqlV3yAbuSpBZdJ5oP5OUoStg=="
        },
        "node_modules/simplex-noise": {
            "version": "2.4.0",
            "resolved": "https://registry.npmjs.org/simplex-noise/-/simplex-noise-2.4.0.tgz",
            "integrity": "sha512-OjyDWm/QZjVbMrPxDVi9b2as+SeNn9EBXlrWVRlFW+TSyWMSXouDryXkQN0vf5YP+QZKobrmkvx1eQYPLtuqfw=="
        },
        "node_modules/url-search-utils": {
            "version": "0.2.0",
            "resolved": "https://registry.npmjs.org/url-search-utils/-/url-search-utils-0.2.0.tgz",
            "integrity": "sha512-21EbrVi1+Ulq1jdOcUPTViJOOXRxLMvILiCQ3cVnQetxuGep8W+6/Y3fH2C8AYc9lc8uWOVsrQpvN+JzZJn4QA=="
        }
    }
}
